{
    "_readme": [
        "This file locks the dependencies of your project to a known state",
        "Read more about it at https://getcomposer.org/doc/01-basic-usage.md#installing-dependencies",
        "This file is @generated automatically"
    ],
    "content-hash": "7ea61964dfcc44e21d613424804ffcf4",
    "packages": [
        {
            "name": "bespin/datavalidation-shared",
            "version": "v1.0.1",
            "source": {
                "type": "git",
                "url": "https://github.com/bespin-studios/datavalidation-shared.git",
                "reference": "b31efb67f14c302e06ebae8732b079f869eb53d5"
            },
            "dist": {
                "type": "zip",
                "url": "https://api.github.com/repos/bespin-studios/datavalidation-shared/zipball/b31efb67f14c302e06ebae8732b079f869eb53d5",
                "reference": "b31efb67f14c302e06ebae8732b079f869eb53d5",
                "shasum": ""
            },
            "require-dev": {
                "phpstan/phpstan": "^1.11.4"
            },
            "type": "library",
            "autoload": {
                "psr-4": {
                    "Bespin\\DataValidation\\": "src"
                }
            },
            "notification-url": "https://packagist.org/downloads/",
            "license": [
                "MPL-2.0"
            ],
            "authors": [
                {
                    "name": "Lars Hennig",
                    "email": "lars@bespin-studios.com"
                }
            ],
            "description": "Shared components for bespin/datavalidation packages",
            "support": {
                "issues": "https://github.com/bespin-studios/datavalidation-shared/issues",
                "source": "https://github.com/bespin-studios/datavalidation-shared/tree/v1.0.1"
            },
            "time": "2024-09-25T08:16:08+00:00"
        }
    ],
    "packages-dev": [
        {
            "name": "phpstan/phpstan",
            "version": "1.12.4",
            "source": {
                "type": "git",
                "url": "https://github.com/phpstan/phpstan.git",
                "reference": "ffa517cb918591b93acc9b95c0bebdcd0e4538bd"
            },
            "dist": {
                "type": "zip",
                "url": "https://api.github.com/repos/phpstan/phpstan/zipball/ffa517cb918591b93acc9b95c0bebdcd0e4538bd",
                "reference": "ffa517cb918591b93acc9b95c0bebdcd0e4538bd",
                "shasum": ""
            },
            "require": {
                "php": "^7.2|^8.0"
            },
            "conflict": {
                "phpstan/phpstan-shim": "*"
            },
            "bin": [
                "phpstan",
                "phpstan.phar"
            ],
            "type": "library",
            "autoload": {
                "files": [
                    "bootstrap.php"
                ]
            },
            "notification-url": "https://packagist.org/downloads/",
            "license": [
                "MIT"
            ],
            "description": "PHPStan - PHP Static Analysis Tool",
            "keywords": [
                "dev",
                "static analysis"
            ],
            "support": {
                "docs": "https://phpstan.org/user-guide/getting-started",
                "forum": "https://github.com/phpstan/phpstan/discussions",
                "issues": "https://github.com/phpstan/phpstan/issues",
                "security": "https://github.com/phpstan/phpstan/security/policy",
                "source": "https://github.com/phpstan/phpstan-src"
            },
            "funding": [
                {
                    "url": "https://github.com/ondrejmirtes",
                    "type": "github"
                },
                {
                    "url": "https://github.com/phpstan",
                    "type": "github"
                }
            ],
            "time": "2024-09-19T07:58:01+00:00"
        }
    ],
    "aliases": [],
    "minimum-stability": "stable",
    "stability-flags": [],
    "prefer-stable": false,
    "prefer-lowest": false,
    "platform": {
        "ext-mbstring": "*"
    },
    "platform-dev": [],
    "platform-overrides": {
        "php": "8.1"
    },
    "plugin-api-version": "2.6.0"
}
